
Microsoft Visual Studio Solution File, Format Version 12.00
# Visual Studio Version 17
VisualStudioVersion = 17.10.35013.160
MinimumVisualStudioVersion = 10.0.40219.1
Project("{FAE04EC0-301F-11D3-BF4B-00C04F79EFBC}") = "BrickStoreBackend", "BrickStoreBackend.csproj", "{90C6C0ED-323C-4FC8-B43D-E5A0A8FC924A}"
EndProject
Global
	GlobalSection(SolutionConfigurationPlatforms) = preSolution
		Debug|Any CPU = Debug|Any CPU
		Release|Any CPU = Release|Any CPU
	EndGlobalSection
	GlobalSection(ProjectConfigurationPlatforms) = postSolution
		{90C6C0ED-323C-4FC8-B43D-E5A0A8FC924A}.Debug|Any CPU.ActiveCfg = Debug|Any CPU
		{90C6C0ED-323C-4FC8-B43D-E5A0A8FC924A}.Debug|Any CPU.Build.0 = Debug|Any CPU
		{90C6C0ED-323C-4FC8-B43D-E5A0A8FC924A}.Release|Any CPU.ActiveCfg = Release|Any CPU
		{90C6C0ED-323C-4FC8-B43D-E5A0A8FC924A}.Release|Any CPU.Build.0 = Release|Any CPU
	EndGlobalSection
	GlobalSection(SolutionProperties) = preSolution
		HideSolutionNode = FALSE
	EndGlobalSection
	GlobalSection(ExtensibilityGlobals) = postSolution
		SolutionGuid = {93C7AA5F-6E99-4BAE-A0D7-3029487BCEF4}
	EndGlobalSection
EndGlobal
